
Microsoft Visual Studio Solution File, Format Version 12.00
# Visual Studio Version 17
VisualStudioVersion = 17.9.34723.18
MinimumVisualStudioVersion = 10.0.40219.1
Project("{FAE04EC0-301F-11D3-BF4B-00C04F79EFBC}") = "SnowFall", "SnowFall\SnowFall.csproj", "{3D1AB246-BC9D-4883-8965-907C794DAC65}"
EndProject
Global
	GlobalSection(SolutionConfigurationPlatforms) = preSolution
		Debug|Any CPU = Debug|Any CPU
		Release|Any CPU = Release|Any CPU
	EndGlobalSection
	GlobalSection(ProjectConfigurationPlatforms) = postSolution
		{3D1AB246-BC9D-4883-8965-907C794DAC65}.Debug|Any CPU.ActiveCfg = Debug|Any CPU
		{3D1AB246-BC9D-4883-8965-907C794DAC65}.Debug|Any CPU.Build.0 = Debug|Any CPU
		{3D1AB246-BC9D-4883-8965-907C794DAC65}.Release|Any CPU.ActiveCfg = Release|Any CPU
		{3D1AB246-BC9D-4883-8965-907C794DAC65}.Release|Any CPU.Build.0 = Release|Any CPU
	EndGlobalSection
	GlobalSection(SolutionProperties) = preSolution
		HideSolutionNode = FALSE
	EndGlobalSection
	GlobalSection(ExtensibilityGlobals) = postSolution
		SolutionGuid = {DFA366A1-879A-4D85-ADCD-922A6BD583C7}
	EndGlobalSection
EndGlobal
